{
  "version": 4,
  "terraform_version": "1.2.3",
  "serial": 1,
  "lineage": "ce82e9f1-4793-7ffc-51a4-a15752798cc0",
  "outputs": {},
  "resources": [
    {
      "mode": "managed",
      "type": "random_pet",
      "name": "mascotas",
      "provider": "provider[\"registry.terraform.io/hashicorp/random\"]",
      "instances": [
        {
          "schema_version": 0,
          "attributes": {
            "id": "Que Tal bug",
            "keepers": null,
            "length": 1,
            "prefix": "Que Tal",
            "separator": " "
          },
          "sensitive_attributes": [],
          "private": "bnVsbA=="
        }
      ]
    }
  ]
}
