{
  "version": 4,
  "terraform_version": "1.2.3",
  "serial": 19,
  "lineage": "2b1570ff-1104-21a6-5a85-e5b8a9e6f1a0",
  "outputs": {},
  "resources": [
    {
      "mode": "managed",
      "type": "random_pet",
      "name": "cat",
      "provider": "provider[\"registry.terraform.io/hashicorp/random\"]",
      "instances": [
        {
          "schema_version": 0,
          "attributes": {
            "id": "hog",
            "keepers": null,
            "length": 1,
            "prefix": "",
            "separator": ""
          },
          "sensitive_attributes": [],
          "private": "bnVsbA=="
        }
      ]
    },
    {
      "mode": "managed",
      "type": "random_pet",
      "name": "dog",
      "provider": "provider[\"registry.terraform.io/hashicorp/random\"]",
      "instances": [
        {
          "schema_version": 0,
          "attributes": {
            "id": "lemming",
            "keepers": null,
            "length": 1,
            "prefix": "",
            "separator": ""
          },
          "sensitive_attributes": [],
          "private": "bnVsbA=="
        }
      ]
    }
  ]
}
