{
  "version": 4,
  "terraform_version": "1.2.3",
  "serial": 4,
  "lineage": "49556386-f2ad-605d-bab7-24b5db11535f",
  "outputs": {},
  "resources": [
    {
      "mode": "managed",
      "type": "local_file",
      "name": "mascota",
      "provider": "provider[\"registry.terraform.io/hashicorp/local\"]",
      "instances": [
        {
          "schema_version": 0,
          "attributes": {
            "content": "Mascotas super!",
            "content_base64": null,
            "directory_permission": "0777",
            "file_permission": "0777",
            "filename": "./out/mascotas.txt",
            "id": "bdedf3aebe344e77894b9c3bcea26998524b157f",
            "sensitive_content": null,
            "source": null
          },
          "sensitive_attributes": [],
          "private": "bnVsbA=="
        }
      ]
    },
    {
      "mode": "managed",
      "type": "random_pet",
      "name": "mi-mascota",
      "provider": "provider[\"registry.terraform.io/hashicorp/random\"]",
      "instances": [
        {
          "schema_version": 0,
          "attributes": {
            "id": "Hola lemur",
            "keepers": null,
            "length": 1,
            "prefix": "Hola",
            "separator": " "
          },
          "sensitive_attributes": [],
          "private": "bnVsbA=="
        }
      ]
    }
  ]
}
