{
  "version": 4,
  "terraform_version": "1.2.3",
  "serial": 1,
  "lineage": "00494f4f-576c-ae5d-f1cd-a1f162d0f464",
  "outputs": {},
  "resources": [
    {
      "mode": "managed",
      "type": "local_file",
      "name": "my-file",
      "provider": "provider[\"registry.terraform.io/hashicorp/local\"]",
      "instances": [
        {
          "index_key": 0,
          "schema_version": 0,
          "attributes": {
            "content": "prueba",
            "content_base64": null,
            "directory_permission": "0777",
            "file_permission": "0777",
            "filename": "./out/archivo.txt",
            "id": "711383a59fda05336fd2ccf70c8059d1523eb41a",
            "sensitive_content": null,
            "source": null
          },
          "sensitive_attributes": [],
          "private": "bnVsbA=="
        },
        {
          "index_key": 1,
          "schema_version": 0,
          "attributes": {
            "content": "prueba",
            "content_base64": null,
            "directory_permission": "0777",
            "file_permission": "0777",
            "filename": "./out/archivo.txt",
            "id": "711383a59fda05336fd2ccf70c8059d1523eb41a",
            "sensitive_content": null,
            "source": null
          },
          "sensitive_attributes": [],
          "private": "bnVsbA=="
        },
        {
          "index_key": 2,
          "schema_version": 0,
          "attributes": {
            "content": "prueba",
            "content_base64": null,
            "directory_permission": "0777",
            "file_permission": "0777",
            "filename": "./out/archivo.txt",
            "id": "711383a59fda05336fd2ccf70c8059d1523eb41a",
            "sensitive_content": null,
            "source": null
          },
          "sensitive_attributes": [],
          "private": "bnVsbA=="
        }
      ]
    }
  ]
}
