{
  "version": 4,
  "terraform_version": "1.2.3",
  "serial": 4,
  "lineage": "96378437-4e49-f06b-a77f-770226ed4131",
  "outputs": {},
  "resources": [
    {
      "mode": "managed",
      "type": "local_file",
      "name": "saludo",
      "provider": "provider[\"registry.terraform.io/hashicorp/local\"]",
      "instances": [
        {
          "schema_version": 0,
          "attributes": {
            "content": "Hola! ..",
            "content_base64": null,
            "directory_permission": "0777",
            "file_permission": "0700",
            "filename": "./out/saludo.txt",
            "id": "41cd8e9944b8049e989edde49566b29252bc8cab",
            "sensitive_content": null,
            "source": null
          },
          "sensitive_attributes": [],
          "private": "bnVsbA=="
        }
      ]
    }
  ]
}
