{
  "version": 4,
  "terraform_version": "1.2.3",
  "serial": 7,
  "lineage": "46aa55cf-24d8-ecde-11a1-360ce721571d",
  "outputs": {},
  "resources": [
    {
      "mode": "managed",
      "type": "local_file",
      "name": "my-file",
      "provider": "provider[\"registry.terraform.io/hashicorp/local\"]",
      "instances": [
        {
          "schema_version": 0,
          "attributes": {
            "content": "lifecycle-rules",
            "content_base64": null,
            "directory_permission": "777",
            "file_permission": "777",
            "filename": "./out/file.txt",
            "id": "8e0252ef08196a2e753b5808c6933a18bb3477a9",
            "sensitive_content": null,
            "source": null
          },
          "sensitive_attributes": [],
          "private": "bnVsbA==",
          "create_before_destroy": true
        }
      ]
    }
  ]
}
